
Microsoft Visual Studio Solution File, Format Version 12.00
# Visual Studio Version 16
VisualStudioVersion = 16.0.33529.622
MinimumVisualStudioVersion = 10.0.40219.1
Project("{FAE04EC0-301F-11D3-BF4B-00C04F79EFBC}") = "BundlesApp", "BundlesApp.csproj", "{EBCB5CCC-345E-4F7C-9323-E64143C72139}"
EndProject
Global
	GlobalSection(SolutionConfigurationPlatforms) = preSolution
		Debug|Any CPU = Debug|Any CPU
		Release|Any CPU = Release|Any CPU
	EndGlobalSection
	GlobalSection(ProjectConfigurationPlatforms) = postSolution
		{EBCB5CCC-345E-4F7C-9323-E64143C72139}.Debug|Any CPU.ActiveCfg = Debug|Any CPU
		{EBCB5CCC-345E-4F7C-9323-E64143C72139}.Debug|Any CPU.Build.0 = Debug|Any CPU
		{EBCB5CCC-345E-4F7C-9323-E64143C72139}.Release|Any CPU.ActiveCfg = Release|Any CPU
		{EBCB5CCC-345E-4F7C-9323-E64143C72139}.Release|Any CPU.Build.0 = Release|Any CPU
	EndGlobalSection
	GlobalSection(SolutionProperties) = preSolution
		HideSolutionNode = FALSE
	EndGlobalSection
	GlobalSection(ExtensibilityGlobals) = postSolution
		SolutionGuid = {1CFB9842-6933-4A95-B4B6-D8117BE18350}
	EndGlobalSection
EndGlobal
